
Microsoft Visual Studio Solution File, Format Version 12.00
# Visual Studio Version 17
VisualStudioVersion = 17.8.34525.116
MinimumVisualStudioVersion = 10.0.40219.1
Project("{FAE04EC0-301F-11D3-BF4B-00C04F79EFBC}") = "MovieWebAPI", "MovieWebAPI\MovieWebAPI.csproj", "{78241366-07C5-473E-B5A4-28D44DA7C530}"
EndProject
Global
	GlobalSection(SolutionConfigurationPlatforms) = preSolution
		Debug|Any CPU = Debug|Any CPU
		Release|Any CPU = Release|Any CPU
	EndGlobalSection
	GlobalSection(ProjectConfigurationPlatforms) = postSolution
		{78241366-07C5-473E-B5A4-28D44DA7C530}.Debug|Any CPU.ActiveCfg = Debug|Any CPU
		{78241366-07C5-473E-B5A4-28D44DA7C530}.Debug|Any CPU.Build.0 = Debug|Any CPU
		{78241366-07C5-473E-B5A4-28D44DA7C530}.Release|Any CPU.ActiveCfg = Release|Any CPU
		{78241366-07C5-473E-B5A4-28D44DA7C530}.Release|Any CPU.Build.0 = Release|Any CPU
	EndGlobalSection
	GlobalSection(SolutionProperties) = preSolution
		HideSolutionNode = FALSE
	EndGlobalSection
	GlobalSection(ExtensibilityGlobals) = postSolution
		SolutionGuid = {D444154D-B132-4640-8C71-60BB92359F37}
	EndGlobalSection
EndGlobal
